
Microsoft Visual Studio Solution File, Format Version 12.00
# Visual Studio 2012
Project("{FAE04EC0-301F-11D3-BF4B-00C04F79EFBC}") = "location-pg", "location-pg\location-pg.csproj", "{11F1316D-DDC5-4CBC-969F-9CE9CA2E8BB9}"
EndProject
Global
	GlobalSection(SolutionConfigurationPlatforms) = preSolution
		Debug|iPhoneSimulator = Debug|iPhoneSimulator
		Release|iPhone = Release|iPhone
		Release|iPhoneSimulator = Release|iPhoneSimulator
		Debug|iPhone = Debug|iPhone
	EndGlobalSection
	GlobalSection(ProjectConfigurationPlatforms) = postSolution
		{11F1316D-DDC5-4CBC-969F-9CE9CA2E8BB9}.Debug|iPhoneSimulator.ActiveCfg = Debug|iPhoneSimulator
		{11F1316D-DDC5-4CBC-969F-9CE9CA2E8BB9}.Debug|iPhoneSimulator.Build.0 = Debug|iPhoneSimulator
		{11F1316D-DDC5-4CBC-969F-9CE9CA2E8BB9}.Release|iPhone.ActiveCfg = Release|iPhone
		{11F1316D-DDC5-4CBC-969F-9CE9CA2E8BB9}.Release|iPhone.Build.0 = Release|iPhone
		{11F1316D-DDC5-4CBC-969F-9CE9CA2E8BB9}.Release|iPhoneSimulator.ActiveCfg = Release|iPhoneSimulator
		{11F1316D-DDC5-4CBC-969F-9CE9CA2E8BB9}.Release|iPhoneSimulator.Build.0 = Release|iPhoneSimulator
		{11F1316D-DDC5-4CBC-969F-9CE9CA2E8BB9}.Debug|iPhone.ActiveCfg = Debug|iPhone
		{11F1316D-DDC5-4CBC-969F-9CE9CA2E8BB9}.Debug|iPhone.Build.0 = Debug|iPhone
	EndGlobalSection
EndGlobal
